
Microsoft Visual Studio Solution File, Format Version 12.00
# Visual Studio Version 17
VisualStudioVersion = 17.5.002.0
MinimumVisualStudioVersion = 10.0.40219.1
Project("{9A19103F-16F7-4668-BE54-9A1E7A4F7556}") = "calculadora-beneficios", "calculadora-beneficios.csproj", "{470CAA17-1EB0-41A3-B9B6-379E9FEB570F}"
EndProject
Global
	GlobalSection(SolutionConfigurationPlatforms) = preSolution
		Debug|Any CPU = Debug|Any CPU
		Release|Any CPU = Release|Any CPU
	EndGlobalSection
	GlobalSection(ProjectConfigurationPlatforms) = postSolution
		{470CAA17-1EB0-41A3-B9B6-379E9FEB570F}.Debug|Any CPU.ActiveCfg = Debug|Any CPU
		{470CAA17-1EB0-41A3-B9B6-379E9FEB570F}.Debug|Any CPU.Build.0 = Debug|Any CPU
		{470CAA17-1EB0-41A3-B9B6-379E9FEB570F}.Release|Any CPU.ActiveCfg = Release|Any CPU
		{470CAA17-1EB0-41A3-B9B6-379E9FEB570F}.Release|Any CPU.Build.0 = Release|Any CPU
	EndGlobalSection
	GlobalSection(SolutionProperties) = preSolution
		HideSolutionNode = FALSE
	EndGlobalSection
	GlobalSection(ExtensibilityGlobals) = postSolution
		SolutionGuid = {F63FE630-526C-4273-B24A-F6521A1C308D}
	EndGlobalSection
EndGlobal
